// !$*UTF8*$!
{
	archiveVersion = 1;
	classes = {
	};
	objectVersion = 50;
	objects = {

/* Begin PBXBuildFile section */
		3E51228426387E1200C5A0C7 /* AppDelegate.swift in Sources */ = {isa = PBXBuildFile; fileRef = 3E51228326387E1200C5A0C7 /* AppDelegate.swift */; };
		3E51228626387E1200C5A0C7 /* SceneDelegate.swift in Sources */ = {isa = PBXBuildFile; fileRef = 3E51228526387E1200C5A0C7 /* SceneDelegate.swift */; };
		3E51228826387E1200C5A0C7 /* ViewController.swift in Sources */ = {isa = PBXBuildFile; fileRef = 3E51228726387E1200C5A0C7 /* ViewController.swift */; };
		3E51228B26387E1200C5A0C7 /* Main.storyboard in Resources */ = {isa = PBXBuildFile; fileRef = 3E51228926387E1200C5A0C7 /* Main.storyboard */; };
		3E51228E26387E1200C5A0C7 /* MidoriTimer.xcdatamodeld in Sources */ = {isa = PBXBuildFile; fileRef = 3E51228C26387E1200C5A0C7 /* MidoriTimer.xcdatamodeld */; };
		3E51229026387E1D00C5A0C7 /* Assets.xcassets in Resources */ = {isa = PBXBuildFile; fileRef = 3E51228F26387E1D00C5A0C7 /* Assets.xcassets */; };
		3E51229326387E1D00C5A0C7 /* LaunchScreen.storyboard in Resources */ = {isa = PBXBuildFile; fileRef = 3E51229126387E1D00C5A0C7 /* LaunchScreen.storyboard */; };
		3E59563F2644848400174FE4 /* DataPlist.plist in Resources */ = {isa = PBXBuildFile; fileRef = 3E59563E2644848400174FE4 /* DataPlist.plist */; };
		3E601DE3264580E600D1AE7D /* StructJSON.swift in Sources */ = {isa = PBXBuildFile; fileRef = 3E601DE2264580E600D1AE7D /* StructJSON.swift */; };
		3E601DE72645857300D1AE7D /* textJSON.json in Resources */ = {isa = PBXBuildFile; fileRef = 3E601DE62645857200D1AE7D /* textJSON.json */; };
		3E601DE92645C8E300D1AE7D /* TableViewController.swift in Sources */ = {isa = PBXBuildFile; fileRef = 3E601DE82645C8E300D1AE7D /* TableViewController.swift */; };
		3E601DEB2645CE7000D1AE7D /* NoteViewController.swift in Sources */ = {isa = PBXBuildFile; fileRef = 3E601DEA2645CE7000D1AE7D /* NoteViewController.swift */; };
		3E601DED2645DA8B00D1AE7D /* ParseJSON.swift in Sources */ = {isa = PBXBuildFile; fileRef = 3E601DEC2645DA8B00D1AE7D /* ParseJSON.swift */; };
/* End PBXBuildFile section */

/* Begin PBXFileReference section */
		3E51228026387E1200C5A0C7 /* MidoriTimer.app */ = {isa = PBXFileReference; explicitFileType = wrapper.application; includeInIndex = 0; path = MidoriTimer.app; sourceTree = BUILT_PRODUCTS_DIR; };
		3E51228326387E1200C5A0C7 /* AppDelegate.swift */ = {isa = PBXFileReference; lastKnownFileType = sourcecode.swift; path = AppDelegate.swift; sourceTree = "<group>"; };
		3E51228526387E1200C5A0C7 /* SceneDelegate.swift */ = {isa = PBXFileReference; lastKnownFileType = sourcecode.swift; path = SceneDelegate.swift; sourceTree = "<group>"; };
		3E51228726387E1200C5A0C7 /* ViewController.swift */ = {isa = PBXFileReference; lastKnownFileType = sourcecode.swift; path = ViewController.swift; sourceTree = "<group>"; };
		3E51228A26387E1200C5A0C7 /* Base */ = {isa = PBXFileReference; lastKnownFileType = file.storyboard; name = Base; path = Base.lproj/Main.storyboard; sourceTree = "<group>"; };
		3E51228D26387E1200C5A0C7 /* MidoriTimer.xcdatamodel */ = {isa = PBXFileReference; lastKnownFileType = wrapper.xcdatamodel; path = MidoriTimer.xcdatamodel; sourceTree = "<group>"; };
		3E51228F26387E1D00C5A0C7 /* Assets.xcassets */ = {isa = PBXFileReference; lastKnownFileType = folder.assetcatalog; path = Assets.xcassets; sourceTree = "<group>"; };
		3E51229226387E1D00C5A0C7 /* Base */ = {isa = PBXFileReference; lastKnownFileType = file.storyboard; name = Base; path = Base.lproj/LaunchScreen.storyboard; sourceTree = "<group>"; };
		3E51229426387E1D00C5A0C7 /* Info.plist */ = {isa = PBXFileReference; lastKnownFileType = text.plist.xml; path = Info.plist; sourceTree = "<group>"; };
		3E59563E2644848400174FE4 /* DataPlist.plist */ = {isa = PBXFileReference; lastKnownFileType = text.plist.xml; path = DataPlist.plist; sourceTree = "<group>"; };
		3E601DE2264580E600D1AE7D /* StructJSON.swift */ = {isa = PBXFileReference; lastKnownFileType = sourcecode.swift; path = StructJSON.swift; sourceTree = "<group>"; };
		3E601DE62645857200D1AE7D /* textJSON.json */ = {isa = PBXFileReference; fileEncoding = 4; lastKnownFileType = text.json; path = textJSON.json; sourceTree = "<group>"; };
		3E601DE82645C8E300D1AE7D /* TableViewController.swift */ = {isa = PBXFileReference; lastKnownFileType = sourcecode.swift; path = TableViewController.swift; sourceTree = "<group>"; };
		3E601DEA2645CE7000D1AE7D /* NoteViewController.swift */ = {isa = PBXFileReference; lastKnownFileType = sourcecode.swift; path = NoteViewController.swift; sourceTree = "<group>"; };
		3E601DEC2645DA8B00D1AE7D /* ParseJSON.swift */ = {isa = PBXFileReference; lastKnownFileType = sourcecode.swift; path = ParseJSON.swift; sourceTree = "<group>"; };
/* End PBXFileReference section */

/* Begin PBXFrameworksBuildPhase section */
		3E51227D26387E1100C5A0C7 /* Frameworks */ = {
			isa = PBXFrameworksBuildPhase;
			buildActionMask = 2147483647;
			files = (
			);
			runOnlyForDeploymentPostprocessing = 0;
		};
/* End PBXFrameworksBuildPhase section */

/* Begin PBXGroup section */
		3E51227726387E1100C5A0C7 = {
			isa = PBXGroup;
			children = (
				3E51228226387E1200C5A0C7 /* MidoriTimer */,
				3E51228126387E1200C5A0C7 /* Products */,
			);
			sourceTree = "<group>";
		};
		3E51228126387E1200C5A0C7 /* Products */ = {
			isa = PBXGroup;
			children = (
				3E51228026387E1200C5A0C7 /* MidoriTimer.app */,
			);
			name = Products;
			sourceTree = "<group>";
		};
		3E51228226387E1200C5A0C7 /* MidoriTimer */ = {
			isa = PBXGroup;
			children = (
				3E51228326387E1200C5A0C7 /* AppDelegate.swift */,
				3E51228526387E1200C5A0C7 /* SceneDelegate.swift */,
				3E51228726387E1200C5A0C7 /* ViewController.swift */,
				3E601DE2264580E600D1AE7D /* StructJSON.swift */,
				3E601DE82645C8E300D1AE7D /* TableViewController.swift */,
				3E601DEA2645CE7000D1AE7D /* NoteViewController.swift */,
				3E601DEC2645DA8B00D1AE7D /* ParseJSON.swift */,
				3E51228926387E1200C5A0C7 /* Main.storyboard */,
				3E51228F26387E1D00C5A0C7 /* Assets.xcassets */,
				3E51229126387E1D00C5A0C7 /* LaunchScreen.storyboard */,
				3E601DE62645857200D1AE7D /* textJSON.json */,
				3E51229426387E1D00C5A0C7 /* Info.plist */,
				3E59563E2644848400174FE4 /* DataPlist.plist */,
				3E51228C26387E1200C5A0C7 /* MidoriTimer.xcdatamodeld */,
			);
			path = MidoriTimer;
			sourceTree = "<group>";
		};
/* End PBXGroup section */

/* Begin PBXNativeTarget section */
		3E51227F26387E1100C5A0C7 /* MidoriTimer */ = {
			isa = PBXNativeTarget;
			buildConfigurationList = 3E51229726387E1D00C5A0C7 /* Build configuration list for PBXNativeTarget "MidoriTimer" */;
			buildPhases = (
				3E51227C26387E1100C5A0C7 /* Sources */,
				3E51227D26387E1100C5A0C7 /* Frameworks */,
				3E51227E26387E1100C5A0C7 /* Resources */,
			);
			buildRules = (
			);
			dependencies = (
			);
			name = MidoriTimer;
			productName = MidoriTimer;
			productReference = 3E51228026387E1200C5A0C7 /* MidoriTimer.app */;
			productType = "com.apple.product-type.application";
		};
/* End PBXNativeTarget section */

/* Begin PBXProject section */
		3E51227826387E1100C5A0C7 /* Project object */ = {
			isa = PBXProject;
			attributes = {
				LastSwiftUpdateCheck = 1250;
				LastUpgradeCheck = 1250;
				TargetAttributes = {
					3E51227F26387E1100C5A0C7 = {
						CreatedOnToolsVersion = 12.5;
					};
				};
			};
			buildConfigurationList = 3E51227B26387E1100C5A0C7 /* Build configuration list for PBXProject "MidoriTimer" */;
			compatibilityVersion = "Xcode 9.3";
			developmentRegion = en;
			hasScannedForEncodings = 0;
			knownRegions = (
				en,
				Base,
			);
			mainGroup = 3E51227726387E1100C5A0C7;
			productRefGroup = 3E51228126387E1200C5A0C7 /* Products */;
			projectDirPath = "";
			projectRoot = "";
			targets = (
				3E51227F26387E1100C5A0C7 /* MidoriTimer */,
			);
		};
/* End PBXProject section */

/* Begin PBXResourcesBuildPhase section */
		3E51227E26387E1100C5A0C7 /* Resources */ = {
			isa = PBXResourcesBuildPhase;
			buildActionMask = 2147483647;
			files = (
				3E51229326387E1D00C5A0C7 /* LaunchScreen.storyboard in Resources */,
				3E51229026387E1D00C5A0C7 /* Assets.xcassets in Resources */,
				3E51228B26387E1200C5A0C7 /* Main.storyboard in Resources */,
				3E59563F2644848400174FE4 /* DataPlist.plist in Resources */,
				3E601DE72645857300D1AE7D /* textJSON.json in Resources */,
			);
			runOnlyForDeploymentPostprocessing = 0;
		};
/* End PBXResourcesBuildPhase section */

/* Begin PBXSourcesBuildPhase section */
		3E51227C26387E1100C5A0C7 /* Sources */ = {
			isa = PBXSourcesBuildPhase;
			buildActionMask = 2147483647;
			files = (
				3E601DEB2645CE7000D1AE7D /* NoteViewController.swift in Sources */,
				3E51228826387E1200C5A0C7 /* ViewController.swift in Sources */,
				3E601DE92645C8E300D1AE7D /* TableViewController.swift in Sources */,
				3E51228E26387E1200C5A0C7 /* MidoriTimer.xcdatamodeld in Sources */,
				3E51228426387E1200C5A0C7 /* AppDelegate.swift in Sources */,
				3E51228626387E1200C5A0C7 /* SceneDelegate.swift in Sources */,
				3E601DE3264580E600D1AE7D /* StructJSON.swift in Sources */,
				3E601DED2645DA8B00D1AE7D /* ParseJSON.swift in Sources */,
			);
			runOnlyForDeploymentPostprocessing = 0;
		};
/* End PBXSourcesBuildPhase section */

/* Begin PBXVariantGroup section */
		3E51228926387E1200C5A0C7 /* Main.storyboard */ = {
			isa = PBXVariantGroup;
			children = (
				3E51228A26387E1200C5A0C7 /* Base */,
			);
			name = Main.storyboard;
			sourceTree = "<group>";
		};
		3E51229126387E1D00C5A0C7 /* LaunchScreen.storyboard */ = {
			isa = PBXVariantGroup;
			children = (
				3E51229226387E1D00C5A0C7 /* Base */,
			);
			name = LaunchScreen.storyboard;
			sourceTree = "<group>";
		};
/* End PBXVariantGroup section */

/* Begin XCBuildConfiguration section */
		3E51229526387E1D00C5A0C7 /* Debug */ = {
			isa = XCBuildConfiguration;
			buildSettings = {
				ALWAYS_SEARCH_USER_PATHS = NO;
				CLANG_ANALYZER_NONNULL = YES;
				CLANG_ANALYZER_NUMBER_OBJECT_CONVERSION = YES_AGGRESSIVE;
				CLANG_CXX_LANGUAGE_STANDARD = "gnu++14";
				CLANG_CXX_LIBRARY = "libc++";
				CLANG_ENABLE_MODULES = YES;
				CLANG_ENABLE_OBJC_ARC = YES;
				CLANG_ENABLE_OBJC_WEAK = YES;
				CLANG_WARN_BLOCK_CAPTURE_AUTORELEASING = YES;
				CLANG_WARN_BOOL_CONVERSION = YES;
				CLANG_WARN_COMMA = YES;
				CLANG_WARN_CONSTANT_CONVERSION = YES;
				CLANG_WARN_DEPRECATED_OBJC_IMPLEMENTATIONS = YES;
				CLANG_WARN_DIRECT_OBJC_ISA_USAGE = YES_ERROR;
				CLANG_WARN_DOCUMENTATION_COMMENTS = YES;
				CLANG_WARN_EMPTY_BODY = YES;
				CLANG_WARN_ENUM_CONVERSION = YES;
				CLANG_WARN_INFINITE_RECURSION = YES;
				CLANG_WARN_INT_CONVERSION = YES;
				CLANG_WARN_NON_LITERAL_NULL_CONVERSION = YES;
				CLANG_WARN_OBJC_IMPLICIT_RETAIN_SELF = YES;
				CLANG_WARN_OBJC_LITERAL_CONVERSION = YES;
				CLANG_WARN_OBJC_ROOT_CLASS = YES_ERROR;
				CLANG_WARN_QUOTED_INCLUDE_IN_FRAMEWORK_HEADER = YES;
				CLANG_WARN_RANGE_LOOP_ANALYSIS = YES;
				CLANG_WARN_STRICT_PROTOTYPES = YES;
				CLANG_WARN_SUSPICIOUS_MOVE = YES;
				CLANG_WARN_UNGUARDED_AVAILABILITY = YES_AGGRESSIVE;
				CLANG_WARN_UNREACHABLE_CODE = YES;
				CLANG_WARN__DUPLICATE_METHOD_MATCH = YES;
				COPY_PHASE_STRIP = NO;
				DEBUG_INFORMATION_FORMAT = dwarf;
				ENABLE_STRICT_OBJC_MSGSEND = YES;
				ENABLE_TESTABILITY = YES;
				GCC_C_LANGUAGE_STANDARD = gnu11;
				GCC_DYNAMIC_NO_PIC = NO;
				GCC_NO_COMMON_BLOCKS = YES;
				GCC_OPTIMIZATION_LEVEL = 0;
				GCC_PREPROCESSOR_DEFINITIONS = (
					"DEBUG=1",
					"$(inherited)",
				);
				GCC_WARN_64_TO_32_BIT_CONVERSION = YES;
				GCC_WARN_ABOUT_RETURN_TYPE = YES_ERROR;
				GCC_WARN_UNDECLARED_SELECTOR = YES;
				GCC_WARN_UNINITIALIZED_AUTOS = YES_AGGRESSIVE;
				GCC_WARN_UNUSED_FUNCTION = YES;
				GCC_WARN_UNUSED_VARIABLE = YES;
				IPHONEOS_DEPLOYMENT_TARGET = 14.5;
				MTL_ENABLE_DEBUG_INFO = INCLUDE_SOURCE;
				MTL_FAST_MATH = YES;
				ONLY_ACTIVE_ARCH = YES;
				SDKROOT = iphoneos;
				SWIFT_ACTIVE_COMPILATION_CONDITIONS = DEBUG;
				SWIFT_OPTIMIZATION_LEVEL = "-Onone";
			};
			name = Debug;
		};
		3E51229626387E1D00C5A0C7 /* Release */ = {
			isa = XCBuildConfiguration;
			buildSettings = {
				ALWAYS_SEARCH_USER_PATHS = NO;
				CLANG_ANALYZER_NONNULL = YES;
				CLANG_ANALYZER_NUMBER_OBJECT_CONVERSION = YES_AGGRESSIVE;
				CLANG_CXX_LANGUAGE_STANDARD = "gnu++14";
				CLANG_CXX_LIBRARY = "libc++";
				CLANG_ENABLE_MODULES = YES;
				CLANG_ENABLE_OBJC_ARC = YES;
				CLANG_ENABLE_OBJC_WEAK = YES;
				CLANG_WARN_BLOCK_CAPTURE_AUTORELEASING = YES;
				CLANG_WARN_BOOL_CONVERSION = YES;
				CLANG_WARN_COMMA = YES;
				CLANG_WARN_CONSTANT_CONVERSION = YES;
				CLANG_WARN_DEPRECATED_OBJC_IMPLEMENTATIONS = YES;
				CLANG_WARN_DIRECT_OBJC_ISA_USAGE = YES_ERROR;
				CLANG_WARN_DOCUMENTATION_COMMENTS = YES;
				CLANG_WARN_EMPTY_BODY = YES;
				CLANG_WARN_ENUM_CONVERSION = YES;
				CLANG_WARN_INFINITE_RECURSION = YES;
				CLANG_WARN_INT_CONVERSION = YES;
				CLANG_WARN_NON_LITERAL_NULL_CONVERSION = YES;
				CLANG_WARN_OBJC_IMPLICIT_RETAIN_SELF = YES;
				CLANG_WARN_OBJC_LITERAL_CONVERSION = YES;
				CLANG_WARN_OBJC_ROOT_CLASS = YES_ERROR;
				CLANG_WARN_QUOTED_INCLUDE_IN_FRAMEWORK_HEADER = YES;
				CLANG_WARN_RANGE_LOOP_ANALYSIS = YES;
				CLANG_WARN_STRICT_PROTOTYPES = YES;
				CLANG_WARN_SUSPICIOUS_MOVE = YES;
				CLANG_WARN_UNGUARDED_AVAILABILITY = YES_AGGRESSIVE;
				CLANG_WARN_UNREACHABLE_CODE = YES;
				CLANG_WARN__DUPLICATE_METHOD_MATCH = YES;
				COPY_PHASE_STRIP = NO;
				DEBUG_INFORMATION_FORMAT = "dwarf-with-dsym";
				ENABLE_NS_ASSERTIONS = NO;
				ENABLE_STRICT_OBJC_MSGSEND = YES;
				GCC_C_LANGUAGE_STANDARD = gnu11;
				GCC_NO_COMMON_BLOCKS = YES;
				GCC_WARN_64_TO_32_BIT_CONVERSION = YES;
				GCC_WARN_ABOUT_RETURN_TYPE = YES_ERROR;
				GCC_WARN_UNDECLARED_SELECTOR = YES;
				GCC_WARN_UNINITIALIZED_AUTOS = YES_AGGRESSIVE;
				GCC_WARN_UNUSED_FUNCTION = YES;
				GCC_WARN_UNUSED_VARIABLE = YES;
				IPHONEOS_DEPLOYMENT_TARGET = 14.5;
				MTL_ENABLE_DEBUG_INFO = NO;
				MTL_FAST_MATH = YES;
				SDKROOT = iphoneos;
				SWIFT_COMPILATION_MODE = wholemodule;
				SWIFT_OPTIMIZATION_LEVEL = "-O";
				VALIDATE_PRODUCT = YES;
			};
			name = Release;
		};
		3E51229826387E1D00C5A0C7 /* Debug */ = {
			isa = XCBuildConfiguration;
			buildSettings = {
				ASSETCATALOG_COMPILER_APPICON_NAME = AppIcon;
				ASSETCATALOG_COMPILER_GLOBAL_ACCENT_COLOR_NAME = AccentColor;
				CODE_SIGN_STYLE = Automatic;
				DEVELOPMENT_TEAM = X6RLZ99668;
				INFOPLIST_FILE = MidoriTimer/Info.plist;
				IPHONEOS_DEPLOYMENT_TARGET = 14.5;
				LD_RUNPATH_SEARCH_PATHS = (
					"$(inherited)",
					"@executable_path/Frameworks",
				);
				PRODUCT_BUNDLE_IDENTIFIER = "Andrew-Cheberyako.MidoriTimer";
				PRODUCT_NAME = "$(TARGET_NAME)";
				SWIFT_VERSION = 5.0;
				TARGETED_DEVICE_FAMILY = 1;
			};
			name = Debug;
		};
		3E51229926387E1D00C5A0C7 /* Release */ = {
			isa = XCBuildConfiguration;
			buildSettings = {
				ASSETCATALOG_COMPILER_APPICON_NAME = AppIcon;
				ASSETCATALOG_COMPILER_GLOBAL_ACCENT_COLOR_NAME = AccentColor;
				CODE_SIGN_STYLE = Automatic;
				DEVELOPMENT_TEAM = X6RLZ99668;
				INFOPLIST_FILE = MidoriTimer/Info.plist;
				IPHONEOS_DEPLOYMENT_TARGET = 14.5;
				LD_RUNPATH_SEARCH_PATHS = (
					"$(inherited)",
					"@executable_path/Frameworks",
				);
				PRODUCT_BUNDLE_IDENTIFIER = "Andrew-Cheberyako.MidoriTimer";
				PRODUCT_NAME = "$(TARGET_NAME)";
				SWIFT_VERSION = 5.0;
				TARGETED_DEVICE_FAMILY = 1;
			};
			name = Release;
		};
/* End XCBuildConfiguration section */

/* Begin XCConfigurationList section */
		3E51227B26387E1100C5A0C7 /* Build configuration list for PBXProject "MidoriTimer" */ = {
			isa = XCConfigurationList;
			buildConfigurations = (
				3E51229526387E1D00C5A0C7 /* Debug */,
				3E51229626387E1D00C5A0C7 /* Release */,
			);
			defaultConfigurationIsVisible = 0;
			defaultConfigurationName = Release;
		};
		3E51229726387E1D00C5A0C7 /* Build configuration list for PBXNativeTarget "MidoriTimer" */ = {
			isa = XCConfigurationList;
			buildConfigurations = (
				3E51229826387E1D00C5A0C7 /* Debug */,
				3E51229926387E1D00C5A0C7 /* Release */,
			);
			defaultConfigurationIsVisible = 0;
			defaultConfigurationName = Release;
		};
/* End XCConfigurationList section */

/* Begin XCVersionGroup section */
		3E51228C26387E1200C5A0C7 /* MidoriTimer.xcdatamodeld */ = {
			isa = XCVersionGroup;
			children = (
				3E51228D26387E1200C5A0C7 /* MidoriTimer.xcdatamodel */,
			);
			currentVersion = 3E51228D26387E1200C5A0C7 /* MidoriTimer.xcdatamodel */;
			path = MidoriTimer.xcdatamodeld;
			sourceTree = "<group>";
			versionGroupType = wrapper.xcdatamodel;
		};
/* End XCVersionGroup section */
	};
	rootObject = 3E51227826387E1100C5A0C7 /* Project object */;
}
